
Microsoft Visual Studio Solution File, Format Version 12.00
# Visual Studio Version 17
VisualStudioVersion = 17.0.31808.319
MinimumVisualStudioVersion = 10.0.40219.1
Project("{9A19103F-16F7-4668-BE54-9A1E7A4F7556}") = "Fantastic.TheMovieDb", "Fantastic.TheMovieDb.csproj", "{C897E6A5-E617-4512-A707-62F73F836C1F}"
EndProject
Global
	GlobalSection(SolutionConfigurationPlatforms) = preSolution
		Debug|Any CPU = Debug|Any CPU
		Release|Any CPU = Release|Any CPU
	EndGlobalSection
	GlobalSection(ProjectConfigurationPlatforms) = postSolution
		{C897E6A5-E617-4512-A707-62F73F836C1F}.Debug|Any CPU.ActiveCfg = Debug|Any CPU
		{C897E6A5-E617-4512-A707-62F73F836C1F}.Debug|Any CPU.Build.0 = Debug|Any CPU
		{C897E6A5-E617-4512-A707-62F73F836C1F}.Release|Any CPU.ActiveCfg = Release|Any CPU
		{C897E6A5-E617-4512-A707-62F73F836C1F}.Release|Any CPU.Build.0 = Release|Any CPU
	EndGlobalSection
	GlobalSection(SolutionProperties) = preSolution
		HideSolutionNode = FALSE
	EndGlobalSection
	GlobalSection(ExtensibilityGlobals) = postSolution
		SolutionGuid = {7D8E76DD-0B06-4CEB-AD46-3D2FDD1B0074}
	EndGlobalSection
EndGlobal
